<Solution>
  <Folder Name="/Solution Items/">
    <File Path=".editorconfig" />
    <File Path=".gitignore" />
    <File Path=".mcp.json" />
    <File Path="AxisResult.md" />
    <File Path="claude.md" />
    <File Path="Dependencies.drawio" />
    <File Path="Directory.Build.props" />
    <File Path="Directory.Packages.props" />
    <File Path="README.md" />
  </Folder>
  <Folder Name="/src/" />
  <Folder Name="/src/Axis/" />
  <Folder Name="/src/Axis/AxisBus/">
    <Project Path="src/Axis/AxisBus/AxisBus/AxisBus.csproj" />
  </Folder>
  <Folder Name="/src/Axis/AxisBus/MemoryBus/">
    <Project Path="src/Axis/AxisBus/MemoryBus/AxisMemoryBus.UnitTests/AxisMemoryBus.UnitTests.csproj" />
    <Project Path="src/Axis/AxisBus/MemoryBus/AxisMemoryBus/AxisMemoryBus.csproj" />
  </Folder>
  <Folder Name="/src/Axis/AxisCache/">
    <Project Path="src/Axis/AxisCache/AxisCache/AxisCache.csproj" />
  </Folder>
  <Folder Name="/src/Axis/AxisCache/MemoryCache/">
    <Project Path="src/Axis/AxisCache/MemoryCache/AxisMemoryCache.UnitTests/AxisMemoryCache.UnitTests.csproj" />
    <Project Path="src/Axis/AxisCache/MemoryCache/AxisMemoryCache/AxisMemoryCache.csproj" />
  </Folder>
  <Folder Name="/src/Axis/AxisEmail/">
    <Project Path="src/Axis/AxisEmail/AxisEmail/AxisEmail.csproj" />
  </Folder>
  <Folder Name="/src/Axis/AxisEmail/MimeKit/">
    <Project Path="src/Axis/AxisEmail/MimeKit/AxisEmail.MimeKit.UnitTests/AxisEmail.MimeKit.UnitTests.csproj" />
    <Project Path="src/Axis/AxisEmail/MimeKit/AxisEmail.MimeKit/AxisEmail.MimeKit.csproj" />
  </Folder>
  <Folder Name="/src/Axis/AxisLogger/">
    <Project Path="src/Axis/AxisLogger/AxisLogger/AxisLogger.csproj" />
  </Folder>
  <Folder Name="/src/Axis/AxisMediator/">
    <Project Path="src/Axis/AxisMediator/AxisMediator.Contracts/AxisMediator.Contracts.csproj" />
    <Project Path="src/Axis/AxisMediator/AxisMediator.CQRS/AxisMediator.CQRS.csproj" />
    <Project Path="src/Axis/AxisMediator/AxisMediator.UnitTests/AxisMediator.UnitTests.csproj" />
    <Project Path="src/Axis/AxisMediator/AxisMediator/AxisMediator.csproj" />
  </Folder>
  <Folder Name="/src/Axis/AxisRepository/">
    <Project Path="src/Axis/AxisRepository/AxisRepository/AxisRepository.csproj" />
  </Folder>
  <Folder Name="/src/Axis/AxisRepository/Postgres/">
    <Project Path="src/Axis/AxisRepository/Postgres/AxisRepository.Postgres/AxisRepository.Postgres.csproj" />
  </Folder>
  <Folder Name="/src/Axis/AxisStorage/">
    <Project Path="src/Axis/AxisStorage/AxisStorage/AxisStorage.csproj" />
  </Folder>
  <Folder Name="/src/Axis/AxisStorage/CloudflareR2/">
    <Project Path="src/Axis/AxisStorage/CloudflareR2/AxisStorage.CloudflareR2.IntegrationTests/AxisStorage.CloudflareR2.IntegrationTests.csproj" />
    <Project Path="src/Axis/AxisStorage/CloudflareR2/AxisStorage.CloudflareR2.UnitTests/AxisStorage.CloudflareR2.UnitTests.csproj" />
    <Project Path="src/Axis/AxisStorage/CloudflareR2/AxisStorage.CloudflareR2/AxisStorage.CloudflareR2.csproj" />
  </Folder>
  <Folder Name="/src/Axis/AxisTelemetry/">
    <Project Path="src/Axis/AxisTelemetry/AxisTelemetry.UnitTests/AxisTelemetry.UnitTests.csproj" />
    <Project Path="src/Axis/AxisTelemetry/AxisTelemetry/AxisTelemetry.csproj" />
  </Folder>
  <Folder Name="/src/Axis/AxisTypes/">
    <Project Path="src/Axis/AxisTypes/AxisTypes.SourceGenerator/AxisTypes.SourceGenerator.csproj" />
    <Project Path="src/Axis/AxisTypes/AxisTypes.UnitTests/AxisTypes.UnitTests.csproj" />
    <Project Path="src/Axis/AxisTypes/AxisTypes/AxisTypes.csproj" />
  </Folder>
  <Folder Name="/src/Axis/AxisValidator/">
    <Project Path="src/Axis/AxisValidator/AxisValidator/AxisValidator.csproj" />
  </Folder>
  <Folder Name="/src/Axis/AxisValidator/Adapters/" />
  <Folder Name="/src/Axis/AxisValidator/Adapters/FluentValidation/">
    <Project Path="src/Axis/AxisValidator/Adapters/FluentValidation/AxisValidator.FluentValidation.UnitTests/AxisValidator.FluentValidation.UnitTests.csproj" />
    <Project Path="src/Axis/AxisValidator/Adapters/FluentValidation/AxisValidator.FluentValidation/AxisValidator.FluentValidation.csproj" />
  </Folder>
  <Folder Name="/src/Axis/AxisValidator/Localization/">
    <Project Path="src/Axis/AxisValidator/Localization/AxisValidator.Brazil/AxisValidator.Brazil.csproj" />
  </Folder>
  <Folder Name="/src/Bootstrap/">
    <Project Path="src/Foundation/AxisTrix.Foundation/AxisTrix.Foundation.csproj" />
  </Folder>
  <Folder Name="/src/SaaS/" />
  <Folder Name="/src/SaaS/DataPrivacyTrix/" />
  <Folder Name="/src/SaaS/DataPrivacyTrix/Contracts/">
    <Project Path="src/SaaS/DataPrivacyTrix/Contracts/DataPrivacyTrix.Contracts/DataPrivacyTrix.Contracts.csproj" />
  </Folder>
  <Folder Name="/src/SaaS/DataPrivacyTrix/Core/">
    <Project Path="src/SaaS/DataPrivacyTrix/Core/DataPrivacyTrix.Application/DataPrivacyTrix.Application.csproj" />
    <Project Path="src/SaaS/DataPrivacyTrix/Core/DataPrivacyTrix.Domain/DataPrivacyTrix.Domain.csproj" />
    <Project Path="src/SaaS/DataPrivacyTrix/Core/DataPrivacyTrix.SharedKernel/DataPrivacyTrix.SharedKernel.csproj" />
  </Folder>
  <Folder Name="/src/SaaS/DataPrivacyTrix/Ports/">
    <Project Path="src/SaaS/DataPrivacyTrix/Ports/DataPrivacyTrix.Ports/DataPrivacyTrix.Ports.csproj" />
  </Folder>
  <Folder Name="/src/SaaS/TenantTrix/" />
  <Folder Name="/src/SaaS/TenantTrix/Adapters/" />
  <Folder Name="/src/SaaS/TenantTrix/Adapters/Driven/" />
  <Folder Name="/src/SaaS/TenantTrix/Adapters/Driven/Repositories/">
    <Project Path="src/SaaS/TenantTrix/Adapters/Driven/Repositories/TenantTrix.Driven.Repositories.Postgres/TenantTrix.Driven.Repositories.Postgres.csproj" />
  </Folder>
  <Folder Name="/src/SaaS/TenantTrix/Adapters/Driving/">
    <Project Path="src/SaaS/TenantTrix/Adapters/Driving/TenantTrix.Sdk.Application/TenantTrix.Sdk.Application.csproj" />
  </Folder>
  <Folder Name="/src/SaaS/TenantTrix/Contracts/">
    <Project Path="src/SaaS/TenantTrix/Contracts/TenantTrix.Contracts/TenantTrix.Contracts.csproj" />
  </Folder>
  <Folder Name="/src/SaaS/TenantTrix/Core/">
    <Project Path="src/SaaS/TenantTrix/Core/TenantTrix.Application/TenantTrix.Application.csproj" />
    <Project Path="src/SaaS/TenantTrix/Core/TenantTrix.Domain/TenantTrix.Domain.csproj" />
    <Project Path="src/SaaS/TenantTrix/Core/TenantTrix.SharedKernel/TenantTrix.SharedKernel.csproj" />
  </Folder>
  <Folder Name="/src/SaaS/TenantTrix/Ports/">
    <Project Path="src/SaaS/TenantTrix/Ports/TenantTrix.Ports/TenantTrix.Ports.csproj" />
  </Folder>
  <Folder Name="/src/SaaS/TenantTrix/Tests/">
    <Project Path="src/SaaS/TenantTrix/Tests/TenantTrix.IntegrationTests/TenantTrix.IntegrationTests.csproj" />
    <Project Path="src/SaaS/TenantTrix/Tests/TenantTrix.UnitTests/TenantTrix.UnitTests.csproj" />
  </Folder>
  <Folder Name="/src/Server/" />
</Solution>
