<Solution>
  <Folder Name="/Solution Items/">
    <File Path=".editorconfig" />
    <File Path=".gitignore" />
    <File Path=".mcp.json" />
    <File Path="claude.md" />
    <File Path="Dependencies.drawio" />
    <File Path="Directory.Build.props" />
    <File Path="Directory.Packages.props" />
  </Folder>
  <Folder Name="/src/" />
  <Folder Name="/src/Foundation/">
    <Project Path="src/Foundation/AxisTrix.Foundation.UnitTests/AxisTrix.Foundation.UnitTests.csproj" />
    <Project Path="src/Foundation/AxisTrix.Foundation/AxisTrix.Foundation.csproj" />
  </Folder>
  <Folder Name="/src/Foundation/Bus/">
    <Project Path="src/Foundation/Bus/AxisTrix.Bus.Memory/AxisTrix.Bus.Memory.csproj" />
    <Project Path="src/Foundation/Bus/AxisTrix.Bus.UnitTests/AxisTrix.Bus.UnitTests.csproj" />
  </Folder>
  <Folder Name="/src/Foundation/Caching/">
    <Project Path="src/Foundation/Caching/AxisTrix.Caching.Memory/AxisTrix.Caching.Memory.csproj" />
    <Project Path="src/Foundation/Caching/AxisTrix.Caching.UnitTests/AxisTrix.Caching.UnitTests.csproj" />
  </Folder>
  <Folder Name="/src/Foundation/Email/">
    <Project Path="src/Foundation/Email/AxisTrix.Email.MimeKit/AxisTrix.Email.MimeKit.csproj" />
  </Folder>
  <Folder Name="/src/Foundation/Repository/">
    <Project Path="src/Foundation/Repository/AxisTrix.Repository.Postgres/AxisTrix.Repository.Postgres.csproj" />
  </Folder>
  <Folder Name="/src/Foundation/SourceGen/">
    <Project Path="src/Foundation/SourceGen/AxisTrix.SourceGen/AxisTrix.SourceGen.csproj" />
  </Folder>
  <Folder Name="/src/Foundation/Storage/">
    <Project Path="src/Foundation/Storage/AxisTrix.Storage.CloudflareR2.IntegrationTests/AxisTrix.Storage.CloudflareR2.IntegrationTests.csproj" />
    <Project Path="src/Foundation/Storage/AxisTrix.Storage.CloudflareR2.UnitTests/AxisTrix.Storage.CloudflareR2.UnitTests.csproj" />
    <Project Path="src/Foundation/Storage/AxisTrix.Storage.CloudflareR2/AxisTrix.Storage.CloudflareR2.csproj" />
  </Folder>
  <Folder Name="/src/SaaS/" />
  <Folder Name="/src/SaaS/IdentityTrix/" />
  <Folder Name="/src/SaaS/IdentityTrix/Adapters/" />
  <Folder Name="/src/SaaS/IdentityTrix/Adapters/Driven/" />
  <Folder Name="/src/SaaS/IdentityTrix/Adapters/Driven/Repositories/">
    <Project Path="src/SaaS/IdentityTrix/Adapters/Driven/Repositories/IdentityTrix.Driven.Repositories.Postgres/IdentityTrix.Driven.Repositories.Postgres.csproj" />
  </Folder>
  <Folder Name="/src/SaaS/IdentityTrix/Adapters/Driving/">
    <Project Path="src/SaaS/IdentityTrix/Adapters/Driving/IdentityTrix.Sdk.Application/IdentityTrix.Sdk.Application.csproj" />
  </Folder>
  <Folder Name="/src/SaaS/IdentityTrix/Contracts/">
    <Project Path="src/SaaS/IdentityTrix/Contracts/IdentityTrix.Contracts/IdentityTrix.Contracts.csproj" />
  </Folder>
  <Folder Name="/src/SaaS/IdentityTrix/Core/">
    <Project Path="src/SaaS/IdentityTrix/Core/IdentityTrix.Application/IdentityTrix.Application.csproj" />
    <Project Path="src/SaaS/IdentityTrix/Core/IdentityTrix.Domain/IdentityTrix.Domain.csproj" />
    <Project Path="src/SaaS/IdentityTrix/Core/IdentityTrix.SharedKernel/IdentityTrix.SharedKernel.csproj" />
  </Folder>
  <Folder Name="/src/SaaS/IdentityTrix/Ports/">
    <Project Path="src/SaaS/IdentityTrix/Ports/IdentityTrix.Ports/IdentityTrix.Ports.csproj" />
  </Folder>
  <Folder Name="/src/SaaS/IdentityTrix/Tests/">
    <Project Path="src/SaaS/IdentityTrix/Tests/IdentityTrix.IntegrationTests/IdentityTrix.IntegrationTests.csproj" />
    <Project Path="src/SaaS/IdentityTrix/Tests/IdentityTrix.UnitTests/IdentityTrix.UnitTests.csproj" />
  </Folder>
  <Folder Name="/src/Server/" />
</Solution>
